Microsoft Visual Studio Solution File, Format Version 12.00
# Visual Studio Version 17
VisualStudioVersion = 17.5.2.0
MinimumVisualStudioVersion = 10.0.40219.1
Project("{FAE04EC0-301F-11D3-BF4B-00C04F79EFBC}") = "ToDoAPIwithcontrollers", "ToDoAPIwithcontrollers.csproj", "{77487631-3981-4415-A379-8F30B68EE206}"
EndProject
Global
	GlobalSection(SolutionConfigurationPlatforms) = preSolution
		Debug|Any CPU = Debug|Any CPU
		Release|Any CPU = Release|Any CPU
	EndGlobalSection
	GlobalSection(ProjectConfigurationPlatforms) = postSolution
		{77487631-3981-4415-A379-8F30B68EE206}.Debug|Any CPU.ActiveCfg = Debug|Any CPU
		{77487631-3981-4415-A379-8F30B68EE206}.Debug|Any CPU.Build.0 = Debug|Any CPU
		{77487631-3981-4415-A379-8F30B68EE206}.Release|Any CPU.ActiveCfg = Release|Any CPU
		{77487631-3981-4415-A379-8F30B68EE206}.Release|Any CPU.Build.0 = Release|Any CPU
	EndGlobalSection
	GlobalSection(SolutionProperties) = preSolution
		HideSolutionNode = FALSE
	EndGlobalSection
	GlobalSection(ExtensibilityGlobals) = postSolution
		SolutionGuid = {B5684AEA-BA27-45C3-8064-76A3C45550DF}
	EndGlobalSection
EndGlobal
