Microsoft Visual Studio Solution File, Format Version 12.00
# Visual Studio Version 17
VisualStudioVersion = 17.5.2.0
MinimumVisualStudioVersion = 10.0.40219.1
Project("{FAE04EC0-301F-11D3-BF4B-00C04F79EFBC}") = "BlazorSample", "BlazorSample\BlazorSample.csproj", "{65E85362-1329-708D-0E6C-7BA176849573}"
EndProject
Global
	GlobalSection(SolutionConfigurationPlatforms) = preSolution
		Debug|Any CPU = Debug|Any CPU
		Release|Any CPU = Release|Any CPU
	EndGlobalSection
	GlobalSection(ProjectConfigurationPlatforms) = postSolution
		{65E85362-1329-708D-0E6C-7BA176849573}.Debug|Any CPU.ActiveCfg = Debug|Any CPU
		{65E85362-1329-708D-0E6C-7BA176849573}.Debug|Any CPU.Build.0 = Debug|Any CPU
		{65E85362-1329-708D-0E6C-7BA176849573}.Release|Any CPU.ActiveCfg = Release|Any CPU
		{65E85362-1329-708D-0E6C-7BA176849573}.Release|Any CPU.Build.0 = Release|Any CPU
	EndGlobalSection
	GlobalSection(SolutionProperties) = preSolution
		HideSolutionNode = FALSE
	EndGlobalSection
	GlobalSection(ExtensibilityGlobals) = postSolution
		SolutionGuid = {123C3D58-6F5F-4CA3-BB39-FCCDAFD10B68}
	EndGlobalSection
EndGlobal
